
Microsoft Visual Studio Solution File, Format Version 12.00
# Visual Studio Version 17
VisualStudioVersion = 17.6.33829.357
MinimumVisualStudioVersion = 10.0.40219.1
Project("{FAE04EC0-301F-11D3-BF4B-00C04F79EFBC}") = "Assessment_1_Sort_and_Search_Application", "Assessment_1_Sort_and_Search_Application.csproj", "{8E824250-CCC5-4CBC-A3BD-434858B48E4A}"
EndProject
Global
	GlobalSection(SolutionConfigurationPlatforms) = preSolution
		Debug|Any CPU = Debug|Any CPU
		Release|Any CPU = Release|Any CPU
	EndGlobalSection
	GlobalSection(ProjectConfigurationPlatforms) = postSolution
		{8E824250-CCC5-4CBC-A3BD-434858B48E4A}.Debug|Any CPU.ActiveCfg = Debug|Any CPU
		{8E824250-CCC5-4CBC-A3BD-434858B48E4A}.Debug|Any CPU.Build.0 = Debug|Any CPU
		{8E824250-CCC5-4CBC-A3BD-434858B48E4A}.Release|Any CPU.ActiveCfg = Release|Any CPU
		{8E824250-CCC5-4CBC-A3BD-434858B48E4A}.Release|Any CPU.Build.0 = Release|Any CPU
	EndGlobalSection
	GlobalSection(SolutionProperties) = preSolution
		HideSolutionNode = FALSE
	EndGlobalSection
	GlobalSection(ExtensibilityGlobals) = postSolution
		SolutionGuid = {ABA99EF8-5852-4AD7-A037-B12362C5038F}
	EndGlobalSection
EndGlobal
