
Microsoft Visual Studio Solution File, Format Version 12.00
# Visual Studio Version 17
VisualStudioVersion = 17.6.33829.357
MinimumVisualStudioVersion = 10.0.40219.1
Project("{FAE04EC0-301F-11D3-BF4B-00C04F79EFBC}") = "Session_04_Ex07", "Session_04_Ex07.csproj", "{2884E4EA-E15E-48C1-AE7F-8F563B08485E}"
EndProject
Global
	GlobalSection(SolutionConfigurationPlatforms) = preSolution
		Debug|Any CPU = Debug|Any CPU
		Release|Any CPU = Release|Any CPU
	EndGlobalSection
	GlobalSection(ProjectConfigurationPlatforms) = postSolution
		{2884E4EA-E15E-48C1-AE7F-8F563B08485E}.Debug|Any CPU.ActiveCfg = Debug|Any CPU
		{2884E4EA-E15E-48C1-AE7F-8F563B08485E}.Debug|Any CPU.Build.0 = Debug|Any CPU
		{2884E4EA-E15E-48C1-AE7F-8F563B08485E}.Release|Any CPU.ActiveCfg = Release|Any CPU
		{2884E4EA-E15E-48C1-AE7F-8F563B08485E}.Release|Any CPU.Build.0 = Release|Any CPU
	EndGlobalSection
	GlobalSection(SolutionProperties) = preSolution
		HideSolutionNode = FALSE
	EndGlobalSection
	GlobalSection(ExtensibilityGlobals) = postSolution
		SolutionGuid = {95F100E9-FC72-4A22-93A8-86606308CE07}
	EndGlobalSection
EndGlobal
